{
  "version": 4,
  "terraform_version": "0.12.26",
  "serial": 5,
  "lineage": "ce6a1862-8e5f-d4d0-09a5-272cfd34b6da",
  "outputs": {
    "master_public_ip": {
      "value": "157.245.68.150",
      "type": "string"
    }
  },
  "resources": [
    {
      "mode": "managed",
      "type": "digitalocean_droplet",
      "name": "master",
      "provider": "provider.digitalocean",
      "instances": [
        {
          "schema_version": 1,
          "attributes": {
            "backups": false,
            "created_at": "2020-08-19T10:29:20Z",
            "disk": 25,
            "id": "204521508",
            "image": "ubuntu-18-04-x64",
            "ipv4_address": "157.245.68.150",
            "ipv4_address_private": "",
            "ipv6": false,
            "ipv6_address": "",
            "ipv6_address_private": null,
            "locked": false,
            "memory": 1024,
            "monitoring": false,
            "name": "Master",
            "price_hourly": 0.00744,
            "price_monthly": 5,
            "private_networking": false,
            "region": "ams3",
            "resize_disk": true,
            "size": "s-1vcpu-1gb",
            "ssh_keys": null,
            "status": "active",
            "tags": [],
            "urn": "do:droplet:204521508",
            "user_data": null,
            "vcpus": 1,
            "volume_ids": [],
            "vpc_uuid": ""
          },
          "private": "eyJzY2hlbWFfdmVyc2lvbiI6IjEifQ=="
        }
      ]
    }
  ]
}
